# THIS IS AN AUTOGENERATED FILE. DO NOT EDIT THIS FILE DIRECTLY.
# yarn lockfile v1


"@arr/every@^1.0.0":
  version "1.0.1"
  resolved "https://registry.yarnpkg.com/@arr/every/-/every-1.0.1.tgz#22fe1f8e6355beca6c7c7bde965eb15cf994387b"
  integrity sha512-UQFQ6SgyJ6LX42W8rHCs8KVc0JS0tzVL9ct4XYedJukskYVWTo49tNiMEK9C2HTyarbNiT/RVIRSY82vH+6sTg==

"@exodus/schemasafe@^1.3.0":
  version "1.3.0"
  resolved "https://registry.yarnpkg.com/@exodus/schemasafe/-/schemasafe-1.3.0.tgz#731656abe21e8e769a7f70a4d833e6312fe59b7f"
  integrity sha512-5Aap/GaRupgNx/feGBwLLTVv8OQFfv3pq2lPRzPg9R+IOBnDgghTGW7l7EuVXOvg5cc/xSAlRW8rBrjIC3Nvqw==

"@polka/url@^0.5.0":
  version "0.5.0"
  resolved "https://registry.yarnpkg.com/@polka/url/-/url-0.5.0.tgz#b21510597fd601e5d7c95008b76bf0d254ebfd31"
  integrity sha512-oZLYFEAzUKyi3SKnXvj32ZCEGH6RDnao7COuCVhDydMS9NrCSVXhM79VaKyP5+Zc33m0QXEd2DN3UkU7OsHcfw==

asynckit@^0.4.0:
  version "0.4.0"
  resolved "https://registry.yarnpkg.com/asynckit/-/asynckit-0.4.0.tgz#c79ed97f7f34cb8f2ba1bc9790bcc366474b4b79"
  integrity sha512-Oei9OH4tRh0YqU3GxhX79dM/mwVgvbZJaSNaRk+bshkj0S5cfHcgYakreBjrHwatXKbz+IoIdYLxrKim2MjW0Q==

centra@^2.7.0:
  version "2.7.0"
  resolved "https://registry.yarnpkg.com/centra/-/centra-2.7.0.tgz#4c8312a58436e8a718302011561db7e6a2b0ec18"
  integrity sha512-PbFMgMSrmgx6uxCdm57RUos9Tc3fclMvhLSATYN39XsDV29B89zZ3KA89jmY0vwSGazyU+uerqwa6t+KaodPcg==
  dependencies:
    follow-redirects "^1.15.6"

combined-stream@^1.0.8:
  version "1.0.8"
  resolved "https://registry.yarnpkg.com/combined-stream/-/combined-stream-1.0.8.tgz#c3d45a8b34fd730631a110a8a2520682b31d5a7f"
  integrity sha512-FQN4MRfuJeHf7cBbBMJFXhKSDq+2kAArBlmRBvcvFE5BB1HZKXtSFASDhdlz9zOYwxh8lDdnvmMOe/+5cdoEdg==
  dependencies:
    delayed-stream "~1.0.0"

deep-override@^1.0.2:
  version "1.0.2"
  resolved "https://registry.yarnpkg.com/deep-override/-/deep-override-1.0.2.tgz#82a98ff187a33d2e146a927450773a8aaac2c716"
  integrity sha512-+bAuLuYqaVVUWPaq8rmU8NLTX85p4I5k5/cVdhBioEfH7k+5NlGdv4NoJVQcJRByqzzTWWzTpih+pU1wBTmMow==

delayed-stream@~1.0.0:
  version "1.0.0"
  resolved "https://registry.yarnpkg.com/delayed-stream/-/delayed-stream-1.0.0.tgz#df3ae199acadfb7d440aaae0b29e2272b24ec619"
  integrity sha512-ZySD7Nf91aLB0RxL4KGrKHBXl7Eds1DAmEdcoVawXnLD7SDhpNgtuII2aAkg7a7QS41jxPSZ17p4VdGnMHk3MQ==

follow-redirects@^1.15.6:
  version "1.15.9"
  resolved "https://registry.yarnpkg.com/follow-redirects/-/follow-redirects-1.15.9.tgz#a604fa10e443bf98ca94228d9eebcc2e8a2c8ee1"
  integrity sha512-gew4GsXizNgdoRyqmyfMHyAmXsZDk6mHkSxZFCzW9gwlbtOW44CDtYavM+y+72qD/Vq2l550kMF52DT8fOLJqQ==

form-data-lite@^1.0.3:
  version "1.0.3"
  resolved "https://registry.yarnpkg.com/form-data-lite/-/form-data-lite-1.0.3.tgz#449fe26ba93682c1c441cd8011787c981a03b4fa"
  integrity sha512-P7xPqAiOPKzC9Q9aywAZJCQq4QOE5WokPb3HrcWRh7C57RKytueJzoORZAVgHBNvK/lL7E+FxjQjd4X/zbecEQ==
  dependencies:
    asynckit "^0.4.0"
    combined-stream "^1.0.8"
    mime-lite "^1.0.3"

json-query@^2.2.2:
  version "2.2.2"
  resolved "https://registry.yarnpkg.com/json-query/-/json-query-2.2.2.tgz#b6558b8a3794ccd217926aa38024324b77b48ab1"
  integrity sha512-y+IcVZSdqNmS4fO8t1uZF6RMMs0xh3SrTjJr9bp1X3+v0Q13+7Cyv12dSmKwDswp/H427BVtpkLWhGxYu3ZWRA==

klona@^2.0.4, klona@^2.0.6:
  version "2.0.6"
  resolved "https://registry.yarnpkg.com/klona/-/klona-2.0.6.tgz#85bffbf819c03b2f53270412420a4555ef882e22"
  integrity sha512-dhG34DXATL5hSxJbIexCft8FChFXtmskoZYnoPWjXQuebWYCNkVeV3KkGegCK9CP1oswI/vQibS2GY7Em/sJJA==

lightcookie@^1.0.25:
  version "1.0.25"
  resolved "https://registry.yarnpkg.com/lightcookie/-/lightcookie-1.0.25.tgz#7905eca0ed3fe6d4a3e18a1102f7d074116b785e"
  integrity sha512-SrY/+eBPaKAMnsn7mCsoOMZzoQyCyHHHZlFCu2fjo28XxSyCLjlooKiTxyrXTg8NPaHp1YzWi0lcGG1gDi6KHw==

matchit@^1.0.0:
  version "1.1.0"
  resolved "https://registry.yarnpkg.com/matchit/-/matchit-1.1.0.tgz#c4ccf17d9c824cc1301edbcffde9b75a61d10a7c"
  integrity sha512-+nGYoOlfHmxe5BW5tE0EMJppXEwdSf8uBA1GTZC7Q77kbT35+VKLYJMzVNWCHSsga1ps1tPYFtFyvxvKzWVmMA==
  dependencies:
    "@arr/every" "^1.0.0"

mime-lite@^1.0.3:
  version "1.0.3"
  resolved "https://registry.yarnpkg.com/mime-lite/-/mime-lite-1.0.3.tgz#778e1880842545f71b223898cdff1c9ddbc995fe"
  integrity sha512-V85l97zJSTG8FEvmdTlmNYb0UMrVBwvRjw7bWTf/aT6KjFwtz3iTz8D2tuFIp7lwiaO2C5ecnrEmSkkMRCrqVw==

openapi-fuzzer-core@^1.0.6:
  version "1.0.6"
  resolved "https://registry.yarnpkg.com/openapi-fuzzer-core/-/openapi-fuzzer-core-1.0.6.tgz#f6784ade65b854d923f8e0bf0eed7ac6d948ef7c"
  integrity sha512-FJNJIfgUFuv4NmVGq9MYdoKra2GrkDy2uhIjE2YGlw30UA1glf4SXLMhI4UwdcJ8jisKdIxi7lXrfej8GvNW5w==
  dependencies:
    klona "^2.0.4"

pactum-matchers@^1.1.7:
  version "1.1.7"
  resolved "https://registry.yarnpkg.com/pactum-matchers/-/pactum-matchers-1.1.7.tgz#049f8b21c9e4cda4cdc1eb98fe93dc96bac24597"
  integrity sha512-RqwewcUje6vhcYQGbPfdSXkcp/Vtwn4WmmTWLSmqp0CGxBroCEqRg3JMIjkjQTZCd2VmG+tTcQw+n4P/iuqv3Q==

pactum@^3.7.3:
  version "3.7.3"
  resolved "https://registry.yarnpkg.com/pactum/-/pactum-3.7.3.tgz#ebae3b47efec7d431407dd61f40e6db3e781269d"
  integrity sha512-xJQnlQ0CCgg5NFnrXcmlNxqm3RPsunW9WZi/H3bqRJWvst7uJjyf3gs/zOxfGysfb+xazV/WjNtCfeueesDMFA==
  dependencies:
    "@exodus/schemasafe" "^1.3.0"
    deep-override "^1.0.2"
    form-data-lite "^1.0.3"
    json-query "^2.2.2"
    klona "^2.0.6"
    lightcookie "^1.0.25"
    openapi-fuzzer-core "^1.0.6"
    pactum-matchers "^1.1.7"
    parse-graphql "^1.0.0"
    phin "^3.7.1"
    polka "^0.5.2"

parse-graphql@^1.0.0:
  version "1.0.0"
  resolved "https://registry.yarnpkg.com/parse-graphql/-/parse-graphql-1.0.0.tgz#4b3a24faaa65000ea804cca7d0c9b41d4313b152"
  integrity sha512-NjvQHHaiPCxPZrhm/kKnorxOv7r/eA+tE0VW5E8iJMH9wTqFA1V0YK/7nbpxVu3JdXUxyWTKMez9lsHUtAwa0w==

phin@^3.7.1:
  version "3.7.1"
  resolved "https://registry.yarnpkg.com/phin/-/phin-3.7.1.tgz#bf841da75ee91286691b10e41522a662aa628fd6"
  integrity sha512-GEazpTWwTZaEQ9RhL7Nyz0WwqilbqgLahDM3D0hxWwmVDI52nXEybHqiN6/elwpkJBhcuj+WbBu+QfT0uhPGfQ==
  dependencies:
    centra "^2.7.0"

polka@^0.5.2:
  version "0.5.2"
  resolved "https://registry.yarnpkg.com/polka/-/polka-0.5.2.tgz#588bee0c5806dbc6c64958de3a1251860e9f2e26"
  integrity sha512-FVg3vDmCqP80tOrs+OeNlgXYmFppTXdjD5E7I4ET1NjvtNmQrb1/mJibybKkb/d4NA7YWAr1ojxuhpL3FHqdlw==
  dependencies:
    "@polka/url" "^0.5.0"
    trouter "^2.0.1"

trouter@^2.0.1:
  version "2.0.1"
  resolved "https://registry.yarnpkg.com/trouter/-/trouter-2.0.1.tgz#2726a5f8558e090d24c3a393f09eaab1df232df6"
  integrity sha512-kr8SKKw94OI+xTGOkfsvwZQ8mWoikZDd2n8XZHjJVZUARZT+4/VV6cacRS6CLsH9bNm+HFIPU1Zx4CnNnb4qlQ==
  dependencies:
    matchit "^1.0.0"
